
Microsoft Visual Studio Solution File, Format Version 12.00
# Visual Studio Version 17
VisualStudioVersion = 17.6.33712.159
MinimumVisualStudioVersion = 10.0.40219.1
Project("{9A19103F-16F7-4668-BE54-9A1E7A4F7556}") = "Beekeeping.Web", "BeekeepingWebProject\Beekeeping.Web.csproj", "{AE3710A0-38E3-49F3-BC34-78A6F4002428}"
EndProject
Project("{9A19103F-16F7-4668-BE54-9A1E7A4F7556}") = "Beekeeping.Data", "BeekeepingWebProject.Data\Beekeeping.Data.csproj", "{8EDD7426-7017-4EB0-A1E6-CF869F82506B}"
EndProject
Project("{9A19103F-16F7-4668-BE54-9A1E7A4F7556}") = "Beekeeping.Services", "BeekeepingWebProject.Infrastructure\Beekeeping.Services.csproj", "{06C818EB-2EEC-478D-BA01-32AA0EF13839}"
EndProject
Project("{FAE04EC0-301F-11D3-BF4B-00C04F79EFBC}") = "Beekeeping.Models", "Beekeeping.Models\Beekeeping.Models.csproj", "{DAE1417E-B49B-4323-8145-4C82DA0E1337}"
EndProject
Global
	GlobalSection(SolutionConfigurationPlatforms) = preSolution
		Debug|Any CPU = Debug|Any CPU
		Release|Any CPU = Release|Any CPU
	EndGlobalSection
	GlobalSection(ProjectConfigurationPlatforms) = postSolution
		{AE3710A0-38E3-49F3-BC34-78A6F4002428}.Debug|Any CPU.ActiveCfg = Debug|Any CPU
		{AE3710A0-38E3-49F3-BC34-78A6F4002428}.Debug|Any CPU.Build.0 = Debug|Any CPU
		{AE3710A0-38E3-49F3-BC34-78A6F4002428}.Release|Any CPU.ActiveCfg = Release|Any CPU
		{AE3710A0-38E3-49F3-BC34-78A6F4002428}.Release|Any CPU.Build.0 = Release|Any CPU
		{8EDD7426-7017-4EB0-A1E6-CF869F82506B}.Debug|Any CPU.ActiveCfg = Debug|Any CPU
		{8EDD7426-7017-4EB0-A1E6-CF869F82506B}.Debug|Any CPU.Build.0 = Debug|Any CPU
		{8EDD7426-7017-4EB0-A1E6-CF869F82506B}.Release|Any CPU.ActiveCfg = Release|Any CPU
		{8EDD7426-7017-4EB0-A1E6-CF869F82506B}.Release|Any CPU.Build.0 = Release|Any CPU
		{06C818EB-2EEC-478D-BA01-32AA0EF13839}.Debug|Any CPU.ActiveCfg = Debug|Any CPU
		{06C818EB-2EEC-478D-BA01-32AA0EF13839}.Debug|Any CPU.Build.0 = Debug|Any CPU
		{06C818EB-2EEC-478D-BA01-32AA0EF13839}.Release|Any CPU.ActiveCfg = Release|Any CPU
		{06C818EB-2EEC-478D-BA01-32AA0EF13839}.Release|Any CPU.Build.0 = Release|Any CPU
		{DAE1417E-B49B-4323-8145-4C82DA0E1337}.Debug|Any CPU.ActiveCfg = Debug|Any CPU
		{DAE1417E-B49B-4323-8145-4C82DA0E1337}.Debug|Any CPU.Build.0 = Debug|Any CPU
		{DAE1417E-B49B-4323-8145-4C82DA0E1337}.Release|Any CPU.ActiveCfg = Release|Any CPU
		{DAE1417E-B49B-4323-8145-4C82DA0E1337}.Release|Any CPU.Build.0 = Release|Any CPU
	EndGlobalSection
	GlobalSection(SolutionProperties) = preSolution
		HideSolutionNode = FALSE
	EndGlobalSection
	GlobalSection(ExtensibilityGlobals) = postSolution
		SolutionGuid = {E2FCA0FF-B8BD-4976-829A-098C7DAC0135}
	EndGlobalSection
EndGlobal
